
Microsoft Visual Studio Solution File, Format Version 12.00
# Visual Studio Version 16
VisualStudioVersion = 16.0.31624.102
MinimumVisualStudioVersion = 10.0.40219.1
Project("{FAE04EC0-301F-11D3-BF4B-00C04F79EFBC}") = "briscolottoP2P", "briscolottoP2P\briscolottoP2P.csproj", "{78EF6AFC-ED41-45C1-92EE-B0FA6D538FD6}"
EndProject
Global
	GlobalSection(SolutionConfigurationPlatforms) = preSolution
		Debug|Any CPU = Debug|Any CPU
		Release|Any CPU = Release|Any CPU
	EndGlobalSection
	GlobalSection(ProjectConfigurationPlatforms) = postSolution
		{78EF6AFC-ED41-45C1-92EE-B0FA6D538FD6}.Debug|Any CPU.ActiveCfg = Debug|Any CPU
		{78EF6AFC-ED41-45C1-92EE-B0FA6D538FD6}.Debug|Any CPU.Build.0 = Debug|Any CPU
		{78EF6AFC-ED41-45C1-92EE-B0FA6D538FD6}.Release|Any CPU.ActiveCfg = Release|Any CPU
		{78EF6AFC-ED41-45C1-92EE-B0FA6D538FD6}.Release|Any CPU.Build.0 = Release|Any CPU
	EndGlobalSection
	GlobalSection(SolutionProperties) = preSolution
		HideSolutionNode = FALSE
	EndGlobalSection
	GlobalSection(ExtensibilityGlobals) = postSolution
		SolutionGuid = {150E0DA3-151B-409E-B3D6-27BF30FF5A05}
	EndGlobalSection
EndGlobal
